{
  "version": 4,
  "terraform_version": "1.9.5",
  "serial": 1,
  "lineage": "ab1f4f72-4217-ff88-865f-bf5bf49bd5e6",
  "outputs": {},
  "resources": [
    {
      "module": "module.networking",
      "mode": "managed",
      "type": "aws_vpc",
      "name": "dev_project_vpc",
      "provider": "provider[\"registry.terraform.io/hashicorp/aws\"]",
      "instances": [
        {
          "schema_version": 1,
          "attributes": {
            "arn": "arn:aws:ec2:ap-south-1:339436574330:vpc/vpc-083327673193ec5b2",
            "assign_generated_ipv6_cidr_block": false,
            "cidr_block": "10.0.0.0/16",
            "default_network_acl_id": "acl-0068c5751519cc79b",
            "default_route_table_id": "rtb-081bc2c2ede6e6114",
            "default_security_group_id": "sg-04d430f9092ed57df",
            "dhcp_options_id": "dopt-091a26dd4d2ce0619",
            "enable_dns_hostnames": false,
            "enable_dns_support": true,
            "enable_network_address_usage_metrics": false,
            "id": "vpc-083327673193ec5b2",
            "instance_tenancy": "default",
            "ipv4_ipam_pool_id": null,
            "ipv4_netmask_length": null,
            "ipv6_association_id": "",
            "ipv6_cidr_block": "",
            "ipv6_cidr_block_network_border_group": "",
            "ipv6_ipam_pool_id": "",
            "ipv6_netmask_length": 0,
            "main_route_table_id": "rtb-081bc2c2ede6e6114",
            "owner_id": "339436574330",
            "tags": {
              "Name": "dev-proj-ap-south-1-vpc"
            },
            "tags_all": {
              "Name": "dev-proj-ap-south-1-vpc"
            }
          },
          "sensitive_attributes": [],
          "private": "eyJzY2hlbWFfdmVyc2lvbiI6IjEifQ=="
        }
      ]
    }
  ],
  "check_results": null
}
